PODS:
  - BSKeyboardControls (2.2)
  - Crashlytics (3.7.0):
    - Fabric (~> 1.6.3)
  - Fabric (1.6.5)
  - MBProgressHUD (0.9)
  - Reachability (3.1.1)
  - SDWebImage (3.7.1):
    - SDWebImage/Core (= 3.7.1)
  - SDWebImage/Core (3.7.1)
  - WYPopoverController (0.2.2)

DEPENDENCIES:
  - BSKeyboardControls
  - Crashlytics
  - Fabric
  - MBProgressHUD
  - Reachability
  - SDWebImage
  - WYPopoverController

SPEC CHECKSUMS:
  BSKeyboardControls: b701935e789961102e3f20063bba7185800a2d3f
  Crashlytics: c3a2333dea9e2733d2777f730910321fc9e25c0d
  Fabric: 338ffd3c2afcab120638907b4251189de9ad17b3
  MBProgressHUD: d8e7ea388dc1549a42e0d219067cf5f2c898fb66
  Reachability: dd9aa4fb6667b9f787690a74f53cb7634ce99893
  SDWebImage: ed3095af2ff88b436426037444979b917f6c5575
  WYPopoverController: 00d879c25bddd1fd873dcc21aa98c8308d7f1555

COCOAPODS: 0.39.0
