PODS:
  - BSKeyboardControls (2.0)
  - Reachability (3.1.1)
  - SDWebImage (3.4):
    - SDWebImage/Core
  - SDWebImage/Core (3.4)

DEPENDENCIES:
  - BSKeyboardControls
  - Reachability
  - SDWebImage

SPEC CHECKSUMS:
  BSKeyboardControls: b24def9d769f0990d228abb4e525492cb68a2189
  Reachability: 2be6bc2fd2bd31d97f5db33e75e4b29c79e95883
  SDWebImage: 366188f04c019bfd712d45e3b36aa52070f4abd8

COCOAPODS: 0.26.2
