PODS:
  - Crashlytics (3.8.2):
    - Fabric (~> 1.6.3)
  - Fabric (1.6.8)
  - Reachability (3.2)
  - SDWebImage (3.8.2):
    - SDWebImage/Core (= 3.8.2)
  - SDWebImage/Core (3.8.2)
  - WYPopoverController (0.3.9)

DEPENDENCIES:
  - Crashlytics
  - Fabric
  - Reachability
  - SDWebImage
  - WYPopoverController

SPEC CHECKSUMS:
  Crashlytics: 27acca95a01b042a8294291dd6dff27f8f6af6d7
  Fabric: 5755268d0171435ab167e3d0878a28a777deaf10
  Reachability: 33e18b67625424e47b6cde6d202dce689ad7af96
  SDWebImage: 098e97e6176540799c27e804c96653ee0833d13c
  WYPopoverController: a9db25ac2841a686acdc0f3a99bdb21545db32f4

PODFILE CHECKSUM: 38802cd521dd588121073c351b0b21d240dbb671

COCOAPODS: 1.0.1
