// !$*UTF8*$!
{
	archiveVersion = 1;
	classes = {
	};
	objectVersion = 46;
	objects = {

/* Begin PBXBuildFile section */
		36363CC717E11EAC00B01E34 /* UIKit.framework in Frameworks */ = {isa = PBXBuildFile; fileRef = 36363CC617E11EAC00B01E34 /* UIKit.framework */; };
		36363CC917E11EAC00B01E34 /* Foundation.framework in Frameworks */ = {isa = PBXBuildFile; fileRef = 36363CC817E11EAC00B01E34 /* Foundation.framework */; };
		36363CCB17E11EAC00B01E34 /* CoreGraphics.framework in Frameworks */ = {isa = PBXBuildFile; fileRef = 36363CCA17E11EAC00B01E34 /* CoreGraphics.framework */; };
		36363CD117E11EAC00B01E34 /* InfoPlist.strings in Resources */ = {isa = PBXBuildFile; fileRef = 36363CCF17E11EAC00B01E34 /* InfoPlist.strings */; };
		36363CD317E11EAC00B01E34 /* main.m in Sources */ = {isa = PBXBuildFile; fileRef = 36363CD217E11EAC00B01E34 /* main.m */; };
		36363CD717E11EAC00B01E34 /* AppDelegate.m in Sources */ = {isa = PBXBuildFile; fileRef = 36363CD617E11EAC00B01E34 /* AppDelegate.m */; };
		36363CE017E11EAC00B01E34 /* MainStoryboard_iPhone.storyboard in Resources */ = {isa = PBXBuildFile; fileRef = 36363CDE17E11EAC00B01E34 /* MainStoryboard_iPhone.storyboard */; };
		36363CE317E11EAC00B01E34 /* MainStoryboard_iPad.storyboard in Resources */ = {isa = PBXBuildFile; fileRef = 36363CE117E11EAC00B01E34 /* MainStoryboard_iPad.storyboard */; };
		36363CE617E11EAC00B01E34 /* FormViewController.m in Sources */ = {isa = PBXBuildFile; fileRef = 36363CE517E11EAC00B01E34 /* FormViewController.m */; };
		3B55414817E24CED008B4F40 /* ResultsViewController.m in Sources */ = {isa = PBXBuildFile; fileRef = 3B55414617E24CED008B4F40 /* ResultsViewController.m */; };
		3B55414B17E25870008B4F40 /* OffCResultsCell.xib in Resources */ = {isa = PBXBuildFile; fileRef = 3B55414A17E25870008B4F40 /* OffCResultsCell.xib */; };
		3B55414E17E267AE008B4F40 /* ProfileViewController.m in Sources */ = {isa = PBXBuildFile; fileRef = 3B55414D17E267AE008B4F40 /* ProfileViewController.m */; };
		3B55415117E26B62008B4F40 /* Person.m in Sources */ = {isa = PBXBuildFile; fileRef = 3B55415017E26B62008B4F40 /* Person.m */; };
		3B55415317E26D4E008B4F40 /* MessageUI.framework in Frameworks */ = {isa = PBXBuildFile; fileRef = 3B55415217E26D4E008B4F40 /* MessageUI.framework */; };
		3B55415817E27453008B4F40 /* ProfileCell.xib in Resources */ = {isa = PBXBuildFile; fileRef = 3B55415717E27453008B4F40 /* ProfileCell.xib */; };
		3B59474217E93FC80001A61E /* SystemConfiguration.framework in Frameworks */ = {isa = PBXBuildFile; fileRef = 3B59474117E93FC80001A61E /* SystemConfiguration.framework */; };
		3BFC8F7E17E12C9F003832DF /* Icon-72.png in Resources */ = {isa = PBXBuildFile; fileRef = 3BFC8F7517E12C9E003832DF /* Icon-72.png */; };
		3BFC8F7F17E12C9F003832DF /* Icon-144.png in Resources */ = {isa = PBXBuildFile; fileRef = 3BFC8F7617E12C9E003832DF /* Icon-144.png */; };
		3BFC8F8017E12C9F003832DF /* Icon-Small-50.png in Resources */ = {isa = PBXBuildFile; fileRef = 3BFC8F7717E12C9F003832DF /* Icon-Small-50.png */; };
		3BFC8F8117E12C9F003832DF /* Icon-Small.png in Resources */ = {isa = PBXBuildFile; fileRef = 3BFC8F7817E12C9F003832DF /* Icon-Small.png */; };
		3BFC8F8217E12C9F003832DF /* Icon-Small@2x.png in Resources */ = {isa = PBXBuildFile; fileRef = 3BFC8F7917E12C9F003832DF /* Icon-Small@2x.png */; };
		3BFC8F8317E12C9F003832DF /* Icon.png in Resources */ = {isa = PBXBuildFile; fileRef = 3BFC8F7A17E12C9F003832DF /* Icon.png */; };
		3BFC8F8417E12C9F003832DF /* Icon@2x.png in Resources */ = {isa = PBXBuildFile; fileRef = 3BFC8F7B17E12C9F003832DF /* Icon@2x.png */; };
		3BFC8F8517E12C9F003832DF /* iTunesArtwork.png in Resources */ = {isa = PBXBuildFile; fileRef = 3BFC8F7C17E12C9F003832DF /* iTunesArtwork.png */; };
		3BFC8F8617E12C9F003832DF /* iTunesArtwork@2x.png in Resources */ = {isa = PBXBuildFile; fileRef = 3BFC8F7D17E12C9F003832DF /* iTunesArtwork@2x.png */; };
		C385D7DB02A24090A6353E4B /* libPods.a in Frameworks */ = {isa = PBXBuildFile; fileRef = 766E41B0CCF9458DBEAB7986 /* libPods.a */; };
		E195CF93180C8AB200B7D0C3 /* Default-568h@2x~iphone.png in Resources */ = {isa = PBXBuildFile; fileRef = E195CF92180C8AB200B7D0C3 /* Default-568h@2x~iphone.png */; };
		E195CF9B180C8C0200B7D0C3 /* icon-40.png in Resources */ = {isa = PBXBuildFile; fileRef = E195CF94180C8C0200B7D0C3 /* icon-40.png */; };
		E195CF9C180C8C0200B7D0C3 /* icon-58.png in Resources */ = {isa = PBXBuildFile; fileRef = E195CF95180C8C0200B7D0C3 /* icon-58.png */; };
		E195CF9D180C8C0200B7D0C3 /* icon-76.png in Resources */ = {isa = PBXBuildFile; fileRef = E195CF96180C8C0200B7D0C3 /* icon-76.png */; };
		E195CF9E180C8C0200B7D0C3 /* icon-80.png in Resources */ = {isa = PBXBuildFile; fileRef = E195CF97180C8C0200B7D0C3 /* icon-80.png */; };
		E195CF9F180C8C0200B7D0C3 /* icon-100.png in Resources */ = {isa = PBXBuildFile; fileRef = E195CF98180C8C0200B7D0C3 /* icon-100.png */; };
		E195CFA0180C8C0200B7D0C3 /* icon-120.png in Resources */ = {isa = PBXBuildFile; fileRef = E195CF99180C8C0200B7D0C3 /* icon-120.png */; };
		E195CFA1180C8C0200B7D0C3 /* icon-152.png in Resources */ = {isa = PBXBuildFile; fileRef = E195CF9A180C8C0200B7D0C3 /* icon-152.png */; };
		E195CFA4180C8DF000B7D0C3 /* default~ipad~port.png in Resources */ = {isa = PBXBuildFile; fileRef = E195CFA2180C8DF000B7D0C3 /* default~ipad~port.png */; };
		E195CFA5180C8DF000B7D0C3 /* default~ipad~land.png in Resources */ = {isa = PBXBuildFile; fileRef = E195CFA3180C8DF000B7D0C3 /* default~ipad~land.png */; };
		E1C852D618024FF100D264E8 /* Default~iphone.png in Resources */ = {isa = PBXBuildFile; fileRef = E1C852D518024FF000D264E8 /* Default~iphone.png */; };
		E1F2257D18049FEF00063B18 /* OnCResultsCell.xib in Resources */ = {isa = PBXBuildFile; fileRef = E1F2257C18049FEF00063B18 /* OnCResultsCell.xib */; };
/* End PBXBuildFile section */

/* Begin PBXFileReference section */
		36363CC217E11EAC00B01E34 /* Grinnell-DB-iOS.app */ = {isa = PBXFileReference; explicitFileType = wrapper.application; includeInIndex = 0; path = "Grinnell-DB-iOS.app"; sourceTree = BUILT_PRODUCTS_DIR; };
		36363CC617E11EAC00B01E34 /* UIKit.framework */ = {isa = PBXFileReference; lastKnownFileType = wrapper.framework; name = UIKit.framework; path = System/Library/Frameworks/UIKit.framework; sourceTree = SDKROOT; };
		36363CC817E11EAC00B01E34 /* Foundation.framework */ = {isa = PBXFileReference; lastKnownFileType = wrapper.framework; name = Foundation.framework; path = System/Library/Frameworks/Foundation.framework; sourceTree = SDKROOT; };
		36363CCA17E11EAC00B01E34 /* CoreGraphics.framework */ = {isa = PBXFileReference; lastKnownFileType = wrapper.framework; name = CoreGraphics.framework; path = System/Library/Frameworks/CoreGraphics.framework; sourceTree = SDKROOT; };
		36363CCE17E11EAC00B01E34 /* Grinnell-DB-iOS-Info.plist */ = {isa = PBXFileReference; lastKnownFileType = text.plist.xml; path = "Grinnell-DB-iOS-Info.plist"; sourceTree = "<group>"; };
		36363CD017E11EAC00B01E34 /* en */ = {isa = PBXFileReference; lastKnownFileType = text.plist.strings; name = en; path = en.lproj/InfoPlist.strings; sourceTree = "<group>"; };
		36363CD217E11EAC00B01E34 /* main.m */ = {isa = PBXFileReference; lastKnownFileType = sourcecode.c.objc; path = main.m; sourceTree = "<group>"; };
		36363CD417E11EAC00B01E34 /* Grinnell-DB-iOS-Prefix.pch */ = {isa = PBXFileReference; lastKnownFileType = sourcecode.c.h; path = "Grinnell-DB-iOS-Prefix.pch"; sourceTree = "<group>"; };
		36363CD517E11EAC00B01E34 /* AppDelegate.h */ = {isa = PBXFileReference; lastKnownFileType = sourcecode.c.h; path = AppDelegate.h; sourceTree = "<group>"; };
		36363CD617E11EAC00B01E34 /* AppDelegate.m */ = {isa = PBXFileReference; lastKnownFileType = sourcecode.c.objc; path = AppDelegate.m; sourceTree = "<group>"; };
		36363CDF17E11EAC00B01E34 /* en */ = {isa = PBXFileReference; lastKnownFileType = file.storyboard; name = en; path = en.lproj/MainStoryboard_iPhone.storyboard; sourceTree = "<group>"; };
		36363CE217E11EAC00B01E34 /* en */ = {isa = PBXFileReference; lastKnownFileType = file.storyboard; name = en; path = en.lproj/MainStoryboard_iPad.storyboard; sourceTree = "<group>"; };
		36363CE417E11EAC00B01E34 /* FormViewController.h */ = {isa = PBXFileReference; lastKnownFileType = sourcecode.c.h; path = FormViewController.h; sourceTree = "<group>"; };
		36363CE517E11EAC00B01E34 /* FormViewController.m */ = {isa = PBXFileReference; lastKnownFileType = sourcecode.c.objc; path = FormViewController.m; sourceTree = "<group>"; };
		3B55414517E24CED008B4F40 /* ResultsViewController.h */ = {isa = PBXFileReference; fileEncoding = 4; lastKnownFileType = sourcecode.c.h; path = ResultsViewController.h; sourceTree = "<group>"; };
		3B55414617E24CED008B4F40 /* ResultsViewController.m */ = {isa = PBXFileReference; fileEncoding = 4; lastKnownFileType = sourcecode.c.objc; path = ResultsViewController.m; sourceTree = "<group>"; };
		3B55414A17E25870008B4F40 /* OffCResultsCell.xib */ = {isa = PBXFileReference; fileEncoding = 4; lastKnownFileType = file.xib; path = OffCResultsCell.xib; sourceTree = "<group>"; };
		3B55414C17E267AE008B4F40 /* ProfileViewController.h */ = {isa = PBXFileReference; fileEncoding = 4; lastKnownFileType = sourcecode.c.h; path = ProfileViewController.h; sourceTree = "<group>"; };
		3B55414D17E267AE008B4F40 /* ProfileViewController.m */ = {isa = PBXFileReference; fileEncoding = 4; lastKnownFileType = sourcecode.c.objc; path = ProfileViewController.m; sourceTree = "<group>"; };
		3B55414F17E26B62008B4F40 /* Person.h */ = {isa = PBXFileReference; fileEncoding = 4; lastKnownFileType = sourcecode.c.h; path = Person.h; sourceTree = "<group>"; };
		3B55415017E26B62008B4F40 /* Person.m */ = {isa = PBXFileReference; fileEncoding = 4; lastKnownFileType = sourcecode.c.objc; path = Person.m; sourceTree = "<group>"; };
		3B55415217E26D4E008B4F40 /* MessageUI.framework */ = {isa = PBXFileReference; lastKnownFileType = wrapper.framework; name = MessageUI.framework; path = System/Library/Frameworks/MessageUI.framework; sourceTree = SDKROOT; };
		3B55415717E27453008B4F40 /* ProfileCell.xib */ = {isa = PBXFileReference; fileEncoding = 4; lastKnownFileType = file.xib; path = ProfileCell.xib; sourceTree = "<group>"; };
		3B59474117E93FC80001A61E /* SystemConfiguration.framework */ = {isa = PBXFileReference; lastKnownFileType = wrapper.framework; name = SystemConfiguration.framework; path = System/Library/Frameworks/SystemConfiguration.framework; sourceTree = SDKROOT; };
		3BFC8F7517E12C9E003832DF /* Icon-72.png */ = {isa = PBXFileReference; lastKnownFileType = image.png; path = "Icon-72.png"; sourceTree = "<group>"; };
		3BFC8F7617E12C9E003832DF /* Icon-144.png */ = {isa = PBXFileReference; lastKnownFileType = image.png; path = "Icon-144.png"; sourceTree = "<group>"; };
		3BFC8F7717E12C9F003832DF /* Icon-Small-50.png */ = {isa = PBXFileReference; lastKnownFileType = image.png; path = "Icon-Small-50.png"; sourceTree = "<group>"; };
		3BFC8F7817E12C9F003832DF /* Icon-Small.png */ = {isa = PBXFileReference; lastKnownFileType = image.png; path = "Icon-Small.png"; sourceTree = "<group>"; };
		3BFC8F7917E12C9F003832DF /* Icon-Small@2x.png */ = {isa = PBXFileReference; lastKnownFileType = image.png; path = "Icon-Small@2x.png"; sourceTree = "<group>"; };
		3BFC8F7A17E12C9F003832DF /* Icon.png */ = {isa = PBXFileReference; lastKnownFileType = image.png; path = Icon.png; sourceTree = "<group>"; };
		3BFC8F7B17E12C9F003832DF /* Icon@2x.png */ = {isa = PBXFileReference; lastKnownFileType = image.png; path = "Icon@2x.png"; sourceTree = "<group>"; };
		3BFC8F7C17E12C9F003832DF /* iTunesArtwork.png */ = {isa = PBXFileReference; lastKnownFileType = image.png; path = iTunesArtwork.png; sourceTree = "<group>"; };
		3BFC8F7D17E12C9F003832DF /* iTunesArtwork@2x.png */ = {isa = PBXFileReference; lastKnownFileType = image.png; path = "iTunesArtwork@2x.png"; sourceTree = "<group>"; };
		766E41B0CCF9458DBEAB7986 /* libPods.a */ = {isa = PBXFileReference; explicitFileType = archive.ar; includeInIndex = 0; path = libPods.a; sourceTree = BUILT_PRODUCTS_DIR; };
		BB4BB1D0DD52462B875C07C9 /* Pods.xcconfig */ = {isa = PBXFileReference; includeInIndex = 1; lastKnownFileType = text.xcconfig; name = Pods.xcconfig; path = Pods/Pods.xcconfig; sourceTree = "<group>"; };
		E195CF92180C8AB200B7D0C3 /* Default-568h@2x~iphone.png */ = {isa = PBXFileReference; lastKnownFileType = image.png; path = "Default-568h@2x~iphone.png"; sourceTree = "<group>"; };
		E195CF94180C8C0200B7D0C3 /* icon-40.png */ = {isa = PBXFileReference; lastKnownFileType = image.png; path = "icon-40.png"; sourceTree = "<group>"; };
		E195CF95180C8C0200B7D0C3 /* icon-58.png */ = {isa = PBXFileReference; lastKnownFileType = image.png; path = "icon-58.png"; sourceTree = "<group>"; };
		E195CF96180C8C0200B7D0C3 /* icon-76.png */ = {isa = PBXFileReference; lastKnownFileType = image.png; path = "icon-76.png"; sourceTree = "<group>"; };
		E195CF97180C8C0200B7D0C3 /* icon-80.png */ = {isa = PBXFileReference; lastKnownFileType = image.png; path = "icon-80.png"; sourceTree = "<group>"; };
		E195CF98180C8C0200B7D0C3 /* icon-100.png */ = {isa = PBXFileReference; lastKnownFileType = image.png; path = "icon-100.png"; sourceTree = "<group>"; };
		E195CF99180C8C0200B7D0C3 /* icon-120.png */ = {isa = PBXFileReference; lastKnownFileType = image.png; path = "icon-120.png"; sourceTree = "<group>"; };
		E195CF9A180C8C0200B7D0C3 /* icon-152.png */ = {isa = PBXFileReference; lastKnownFileType = image.png; path = "icon-152.png"; sourceTree = "<group>"; };
		E195CFA2180C8DF000B7D0C3 /* default~ipad~port.png */ = {isa = PBXFileReference; lastKnownFileType = image.png; path = "default~ipad~port.png"; sourceTree = "<group>"; };
		E195CFA3180C8DF000B7D0C3 /* default~ipad~land.png */ = {isa = PBXFileReference; lastKnownFileType = image.png; path = "default~ipad~land.png"; sourceTree = "<group>"; };
		E1C852D518024FF000D264E8 /* Default~iphone.png */ = {isa = PBXFileReference; lastKnownFileType = image.png; path = "Default~iphone.png"; sourceTree = "<group>"; };
		E1F2257C18049FEF00063B18 /* OnCResultsCell.xib */ = {isa = PBXFileReference; fileEncoding = 4; lastKnownFileType = file.xib; path = OnCResultsCell.xib; sourceTree = "<group>"; };
/* End PBXFileReference section */

/* Begin PBXFrameworksBuildPhase section */
		36363CBF17E11EAC00B01E34 /* Frameworks */ = {
			isa = PBXFrameworksBuildPhase;
			buildActionMask = 2147483647;
			files = (
				3B59474217E93FC80001A61E /* SystemConfiguration.framework in Frameworks */,
				3B55415317E26D4E008B4F40 /* MessageUI.framework in Frameworks */,
				36363CC717E11EAC00B01E34 /* UIKit.framework in Frameworks */,
				36363CC917E11EAC00B01E34 /* Foundation.framework in Frameworks */,
				36363CCB17E11EAC00B01E34 /* CoreGraphics.framework in Frameworks */,
				C385D7DB02A24090A6353E4B /* libPods.a in Frameworks */,
			);
			runOnlyForDeploymentPostprocessing = 0;
		};
/* End PBXFrameworksBuildPhase section */

/* Begin PBXGroup section */
		36363CB717E11EAC00B01E34 = {
			isa = PBXGroup;
			children = (
				36363CCC17E11EAC00B01E34 /* Grinnell-DB-iOS */,
				36363CC517E11EAC00B01E34 /* Frameworks */,
				36363CC317E11EAC00B01E34 /* Products */,
				BB4BB1D0DD52462B875C07C9 /* Pods.xcconfig */,
			);
			sourceTree = "<group>";
		};
		36363CC317E11EAC00B01E34 /* Products */ = {
			isa = PBXGroup;
			children = (
				36363CC217E11EAC00B01E34 /* Grinnell-DB-iOS.app */,
			);
			name = Products;
			sourceTree = "<group>";
		};
		36363CC517E11EAC00B01E34 /* Frameworks */ = {
			isa = PBXGroup;
			children = (
				3B59474117E93FC80001A61E /* SystemConfiguration.framework */,
				3B55415217E26D4E008B4F40 /* MessageUI.framework */,
				36363CC617E11EAC00B01E34 /* UIKit.framework */,
				36363CC817E11EAC00B01E34 /* Foundation.framework */,
				36363CCA17E11EAC00B01E34 /* CoreGraphics.framework */,
				766E41B0CCF9458DBEAB7986 /* libPods.a */,
			);
			name = Frameworks;
			sourceTree = "<group>";
		};
		36363CCC17E11EAC00B01E34 /* Grinnell-DB-iOS */ = {
			isa = PBXGroup;
			children = (
				3B55415917E27A03008B4F40 /* Helper Classes */,
				36363CD517E11EAC00B01E34 /* AppDelegate.h */,
				36363CD617E11EAC00B01E34 /* AppDelegate.m */,
				36363CDE17E11EAC00B01E34 /* MainStoryboard_iPhone.storyboard */,
				36363CE117E11EAC00B01E34 /* MainStoryboard_iPad.storyboard */,
				36363CE417E11EAC00B01E34 /* FormViewController.h */,
				36363CE517E11EAC00B01E34 /* FormViewController.m */,
				3B55414517E24CED008B4F40 /* ResultsViewController.h */,
				3B55414617E24CED008B4F40 /* ResultsViewController.m */,
				3B55414A17E25870008B4F40 /* OffCResultsCell.xib */,
				E1F2257C18049FEF00063B18 /* OnCResultsCell.xib */,
				3B55414C17E267AE008B4F40 /* ProfileViewController.h */,
				3B55414D17E267AE008B4F40 /* ProfileViewController.m */,
				3B55415717E27453008B4F40 /* ProfileCell.xib */,
				3BFC8F8717E12CA6003832DF /* Icons */,
				36363CCD17E11EAC00B01E34 /* Supporting Files */,
			);
			path = "Grinnell-DB-iOS";
			sourceTree = "<group>";
		};
		36363CCD17E11EAC00B01E34 /* Supporting Files */ = {
			isa = PBXGroup;
			children = (
				36363CCE17E11EAC00B01E34 /* Grinnell-DB-iOS-Info.plist */,
				36363CCF17E11EAC00B01E34 /* InfoPlist.strings */,
				36363CD217E11EAC00B01E34 /* main.m */,
				36363CD417E11EAC00B01E34 /* Grinnell-DB-iOS-Prefix.pch */,
				E195CF92180C8AB200B7D0C3 /* Default-568h@2x~iphone.png */,
				E195CFA2180C8DF000B7D0C3 /* default~ipad~port.png */,
				E195CFA3180C8DF000B7D0C3 /* default~ipad~land.png */,
				E1C852D518024FF000D264E8 /* Default~iphone.png */,
			);
			name = "Supporting Files";
			sourceTree = "<group>";
		};
		3B55415917E27A03008B4F40 /* Helper Classes */ = {
			isa = PBXGroup;
			children = (
				3B55414F17E26B62008B4F40 /* Person.h */,
				3B55415017E26B62008B4F40 /* Person.m */,
			);
			name = "Helper Classes";
			sourceTree = "<group>";
		};
		3BFC8F8717E12CA6003832DF /* Icons */ = {
			isa = PBXGroup;
			children = (
				E195CF94180C8C0200B7D0C3 /* icon-40.png */,
				E195CF95180C8C0200B7D0C3 /* icon-58.png */,
				3BFC8F7517E12C9E003832DF /* Icon-72.png */,
				E195CF96180C8C0200B7D0C3 /* icon-76.png */,
				E195CF97180C8C0200B7D0C3 /* icon-80.png */,
				E195CF98180C8C0200B7D0C3 /* icon-100.png */,
				E195CF99180C8C0200B7D0C3 /* icon-120.png */,
				3BFC8F7617E12C9E003832DF /* Icon-144.png */,
				E195CF9A180C8C0200B7D0C3 /* icon-152.png */,
				3BFC8F7717E12C9F003832DF /* Icon-Small-50.png */,
				3BFC8F7817E12C9F003832DF /* Icon-Small.png */,
				3BFC8F7917E12C9F003832DF /* Icon-Small@2x.png */,
				3BFC8F7A17E12C9F003832DF /* Icon.png */,
				3BFC8F7B17E12C9F003832DF /* Icon@2x.png */,
				3BFC8F7C17E12C9F003832DF /* iTunesArtwork.png */,
				3BFC8F7D17E12C9F003832DF /* iTunesArtwork@2x.png */,
			);
			name = Icons;
			sourceTree = "<group>";
		};
/* End PBXGroup section */

/* Begin PBXNativeTarget section */
		36363CC117E11EAC00B01E34 /* Grinnell-DB-iOS */ = {
			isa = PBXNativeTarget;
			buildConfigurationList = 36363CE917E11EAC00B01E34 /* Build configuration list for PBXNativeTarget "Grinnell-DB-iOS" */;
			buildPhases = (
				72B5AAD7AAAD4EFBB8ABC0C7 /* Check Pods Manifest.lock */,
				36363CBE17E11EAC00B01E34 /* Sources */,
				36363CBF17E11EAC00B01E34 /* Frameworks */,
				36363CC017E11EAC00B01E34 /* Resources */,
				36CE9F08DCF94146B2EAC1CA /* Copy Pods Resources */,
			);
			buildRules = (
			);
			dependencies = (
			);
			name = "Grinnell-DB-iOS";
			productName = "Grinnell-DB-iOS";
			productReference = 36363CC217E11EAC00B01E34 /* Grinnell-DB-iOS.app */;
			productType = "com.apple.product-type.application";
		};
/* End PBXNativeTarget section */

/* Begin PBXProject section */
		36363CB917E11EAC00B01E34 /* Project object */ = {
			isa = PBXProject;
			attributes = {
				LastUpgradeCheck = 0450;
				ORGANIZATIONNAME = AppDev;
				TargetAttributes = {
					36363CC117E11EAC00B01E34 = {
						DevelopmentTeam = H69TS4DPUJ;
					};
				};
			};
			buildConfigurationList = 36363CBC17E11EAC00B01E34 /* Build configuration list for PBXProject "Grinnell-DB-iOS" */;
			compatibilityVersion = "Xcode 3.2";
			developmentRegion = English;
			hasScannedForEncodings = 0;
			knownRegions = (
				en,
			);
			mainGroup = 36363CB717E11EAC00B01E34;
			productRefGroup = 36363CC317E11EAC00B01E34 /* Products */;
			projectDirPath = "";
			projectRoot = "";
			targets = (
				36363CC117E11EAC00B01E34 /* Grinnell-DB-iOS */,
			);
		};
/* End PBXProject section */

/* Begin PBXResourcesBuildPhase section */
		36363CC017E11EAC00B01E34 /* Resources */ = {
			isa = PBXResourcesBuildPhase;
			buildActionMask = 2147483647;
			files = (
				36363CD117E11EAC00B01E34 /* InfoPlist.strings in Resources */,
				E1C852D618024FF100D264E8 /* Default~iphone.png in Resources */,
				E195CF9D180C8C0200B7D0C3 /* icon-76.png in Resources */,
				36363CE017E11EAC00B01E34 /* MainStoryboard_iPhone.storyboard in Resources */,
				36363CE317E11EAC00B01E34 /* MainStoryboard_iPad.storyboard in Resources */,
				E195CFA0180C8C0200B7D0C3 /* icon-120.png in Resources */,
				E195CF9C180C8C0200B7D0C3 /* icon-58.png in Resources */,
				3BFC8F7E17E12C9F003832DF /* Icon-72.png in Resources */,
				E195CFA1180C8C0200B7D0C3 /* icon-152.png in Resources */,
				3BFC8F7F17E12C9F003832DF /* Icon-144.png in Resources */,
				3BFC8F8017E12C9F003832DF /* Icon-Small-50.png in Resources */,
				3BFC8F8117E12C9F003832DF /* Icon-Small.png in Resources */,
				E1F2257D18049FEF00063B18 /* OnCResultsCell.xib in Resources */,
				E195CF9F180C8C0200B7D0C3 /* icon-100.png in Resources */,
				3BFC8F8217E12C9F003832DF /* Icon-Small@2x.png in Resources */,
				E195CF93180C8AB200B7D0C3 /* Default-568h@2x~iphone.png in Resources */,
				3BFC8F8317E12C9F003832DF /* Icon.png in Resources */,
				3BFC8F8417E12C9F003832DF /* Icon@2x.png in Resources */,
				3BFC8F8517E12C9F003832DF /* iTunesArtwork.png in Resources */,
				E195CFA4180C8DF000B7D0C3 /* default~ipad~port.png in Resources */,
				3BFC8F8617E12C9F003832DF /* iTunesArtwork@2x.png in Resources */,
				E195CF9E180C8C0200B7D0C3 /* icon-80.png in Resources */,
				3B55414B17E25870008B4F40 /* OffCResultsCell.xib in Resources */,
				3B55415817E27453008B4F40 /* ProfileCell.xib in Resources */,
				E195CFA5180C8DF000B7D0C3 /* default~ipad~land.png in Resources */,
				E195CF9B180C8C0200B7D0C3 /* icon-40.png in Resources */,
			);
			runOnlyForDeploymentPostprocessing = 0;
		};
/* End PBXResourcesBuildPhase section */

/* Begin PBXShellScriptBuildPhase section */
		36CE9F08DCF94146B2EAC1CA /* Copy Pods Resources */ = {
			isa = PBXShellScriptBuildPhase;
			buildActionMask = 2147483647;
			files = (
			);
			inputPaths = (
			);
			name = "Copy Pods Resources";
			outputPaths = (
			);
			runOnlyForDeploymentPostprocessing = 0;
			shellPath = /bin/sh;
			shellScript = "\"${SRCROOT}/Pods/Pods-resources.sh\"\n";
			showEnvVarsInLog = 0;
		};
		72B5AAD7AAAD4EFBB8ABC0C7 /* Check Pods Manifest.lock */ = {
			isa = PBXShellScriptBuildPhase;
			buildActionMask = 2147483647;
			files = (
			);
			inputPaths = (
			);
			name = "Check Pods Manifest.lock";
			outputPaths = (
			);
			runOnlyForDeploymentPostprocessing = 0;
			shellPath = /bin/sh;
			shellScript = "diff \"${PODS_ROOT}/../Podfile.lock\" \"${PODS_ROOT}/Manifest.lock\" > /dev/null\nif [[ $? != 0 ]] ; then\n    cat << EOM\nerror: The sandbox is not in sync with the Podfile.lock. Run 'pod install' or update your CocoaPods installation.\nEOM\n    exit 1\nfi\n";
			showEnvVarsInLog = 0;
		};
/* End PBXShellScriptBuildPhase section */

/* Begin PBXSourcesBuildPhase section */
		36363CBE17E11EAC00B01E34 /* Sources */ = {
			isa = PBXSourcesBuildPhase;
			buildActionMask = 2147483647;
			files = (
				36363CD317E11EAC00B01E34 /* main.m in Sources */,
				36363CD717E11EAC00B01E34 /* AppDelegate.m in Sources */,
				36363CE617E11EAC00B01E34 /* FormViewController.m in Sources */,
				3B55414817E24CED008B4F40 /* ResultsViewController.m in Sources */,
				3B55414E17E267AE008B4F40 /* ProfileViewController.m in Sources */,
				3B55415117E26B62008B4F40 /* Person.m in Sources */,
			);
			runOnlyForDeploymentPostprocessing = 0;
		};
/* End PBXSourcesBuildPhase section */

/* Begin PBXVariantGroup section */
		36363CCF17E11EAC00B01E34 /* InfoPlist.strings */ = {
			isa = PBXVariantGroup;
			children = (
				36363CD017E11EAC00B01E34 /* en */,
			);
			name = InfoPlist.strings;
			sourceTree = "<group>";
		};
		36363CDE17E11EAC00B01E34 /* MainStoryboard_iPhone.storyboard */ = {
			isa = PBXVariantGroup;
			children = (
				36363CDF17E11EAC00B01E34 /* en */,
			);
			name = MainStoryboard_iPhone.storyboard;
			sourceTree = "<group>";
		};
		36363CE117E11EAC00B01E34 /* MainStoryboard_iPad.storyboard */ = {
			isa = PBXVariantGroup;
			children = (
				36363CE217E11EAC00B01E34 /* en */,
			);
			name = MainStoryboard_iPad.storyboard;
			sourceTree = "<group>";
		};
/* End PBXVariantGroup section */

/* Begin XCBuildConfiguration section */
		36363CE717E11EAC00B01E34 /* Debug */ = {
			isa = XCBuildConfiguration;
			buildSettings = {
				ALWAYS_SEARCH_USER_PATHS = NO;
				CLANG_CXX_LANGUAGE_STANDARD = "gnu++0x";
				CLANG_CXX_LIBRARY = "libc++";
				CLANG_ENABLE_OBJC_ARC = YES;
				CLANG_WARN_EMPTY_BODY = YES;
				CLANG_WARN__DUPLICATE_METHOD_MATCH = YES;
				"CODE_SIGN_IDENTITY[sdk=iphoneos*]" = "iPhone Developer";
				COPY_PHASE_STRIP = NO;
				GCC_C_LANGUAGE_STANDARD = gnu99;
				GCC_DYNAMIC_NO_PIC = NO;
				GCC_OPTIMIZATION_LEVEL = 0;
				GCC_PREPROCESSOR_DEFINITIONS = (
					"DEBUG=1",
					"$(inherited)",
				);
				GCC_SYMBOLS_PRIVATE_EXTERN = NO;
				GCC_WARN_ABOUT_RETURN_TYPE = YES;
				GCC_WARN_UNINITIALIZED_AUTOS = YES;
				GCC_WARN_UNUSED_VARIABLE = YES;
				IPHONEOS_DEPLOYMENT_TARGET = 6.0;
				ONLY_ACTIVE_ARCH = YES;
				SDKROOT = iphoneos;
				TARGETED_DEVICE_FAMILY = "1,2";
			};
			name = Debug;
		};
		36363CE817E11EAC00B01E34 /* Release */ = {
			isa = XCBuildConfiguration;
			buildSettings = {
				ALWAYS_SEARCH_USER_PATHS = NO;
				CLANG_CXX_LANGUAGE_STANDARD = "gnu++0x";
				CLANG_CXX_LIBRARY = "libc++";
				CLANG_ENABLE_OBJC_ARC = YES;
				CLANG_WARN_EMPTY_BODY = YES;
				CLANG_WARN__DUPLICATE_METHOD_MATCH = YES;
				"CODE_SIGN_IDENTITY[sdk=iphoneos*]" = "iPhone Developer";
				COPY_PHASE_STRIP = YES;
				GCC_C_LANGUAGE_STANDARD = gnu99;
				GCC_WARN_ABOUT_RETURN_TYPE = YES;
				GCC_WARN_UNINITIALIZED_AUTOS = YES;
				GCC_WARN_UNUSED_VARIABLE = YES;
				IPHONEOS_DEPLOYMENT_TARGET = 6.0;
				OTHER_CFLAGS = "-DNS_BLOCK_ASSERTIONS=1";
				SDKROOT = iphoneos;
				TARGETED_DEVICE_FAMILY = "1,2";
				VALIDATE_PRODUCT = YES;
			};
			name = Release;
		};
		36363CEA17E11EAC00B01E34 /* Debug */ = {
			isa = XCBuildConfiguration;
			baseConfigurationReference = BB4BB1D0DD52462B875C07C9 /* Pods.xcconfig */;
			buildSettings = {
				CODE_SIGN_IDENTITY = "iPhone Developer";
				"CODE_SIGN_IDENTITY[sdk=iphoneos*]" = "iPhone Developer";
				GCC_PRECOMPILE_PREFIX_HEADER = YES;
				GCC_PREFIX_HEADER = "Grinnell-DB-iOS/Grinnell-DB-iOS-Prefix.pch";
				INFOPLIST_FILE = "Grinnell-DB-iOS/Grinnell-DB-iOS-Info.plist";
				PRODUCT_NAME = "$(TARGET_NAME)";
				PROVISIONING_PROFILE = "";
				WRAPPER_EXTENSION = app;
			};
			name = Debug;
		};
		36363CEB17E11EAC00B01E34 /* Release */ = {
			isa = XCBuildConfiguration;
			baseConfigurationReference = BB4BB1D0DD52462B875C07C9 /* Pods.xcconfig */;
			buildSettings = {
				CODE_SIGN_IDENTITY = "iPhone Developer";
				"CODE_SIGN_IDENTITY[sdk=iphoneos*]" = "iPhone Developer";
				GCC_PRECOMPILE_PREFIX_HEADER = YES;
				GCC_PREFIX_HEADER = "Grinnell-DB-iOS/Grinnell-DB-iOS-Prefix.pch";
				INFOPLIST_FILE = "Grinnell-DB-iOS/Grinnell-DB-iOS-Info.plist";
				PRODUCT_NAME = "$(TARGET_NAME)";
				PROVISIONING_PROFILE = "";
				WRAPPER_EXTENSION = app;
			};
			name = Release;
		};
/* End XCBuildConfiguration section */

/* Begin XCConfigurationList section */
		36363CBC17E11EAC00B01E34 /* Build configuration list for PBXProject "Grinnell-DB-iOS" */ = {
			isa = XCConfigurationList;
			buildConfigurations = (
				36363CE717E11EAC00B01E34 /* Debug */,
				36363CE817E11EAC00B01E34 /* Release */,
			);
			defaultConfigurationIsVisible = 0;
			defaultConfigurationName = Release;
		};
		36363CE917E11EAC00B01E34 /* Build configuration list for PBXNativeTarget "Grinnell-DB-iOS" */ = {
			isa = XCConfigurationList;
			buildConfigurations = (
				36363CEA17E11EAC00B01E34 /* Debug */,
				36363CEB17E11EAC00B01E34 /* Release */,
			);
			defaultConfigurationIsVisible = 0;
			defaultConfigurationName = Release;
		};
/* End XCConfigurationList section */
	};
	rootObject = 36363CB917E11EAC00B01E34 /* Project object */;
}
