// !$*UTF8*$!
{
	archiveVersion = 1;
	classes = {
	};
	objectVersion = 46;
	objects = {

/* Begin PBXBuildFile section */
		36363CC717E11EAC00B01E34 /* UIKit.framework in Frameworks */ = {isa = PBXBuildFile; fileRef = 36363CC617E11EAC00B01E34 /* UIKit.framework */; };
		36363CC917E11EAC00B01E34 /* Foundation.framework in Frameworks */ = {isa = PBXBuildFile; fileRef = 36363CC817E11EAC00B01E34 /* Foundation.framework */; };
		36363CCB17E11EAC00B01E34 /* CoreGraphics.framework in Frameworks */ = {isa = PBXBuildFile; fileRef = 36363CCA17E11EAC00B01E34 /* CoreGraphics.framework */; };
		36363CD117E11EAC00B01E34 /* InfoPlist.strings in Resources */ = {isa = PBXBuildFile; fileRef = 36363CCF17E11EAC00B01E34 /* InfoPlist.strings */; };
		36363CD317E11EAC00B01E34 /* main.m in Sources */ = {isa = PBXBuildFile; fileRef = 36363CD217E11EAC00B01E34 /* main.m */; };
		36363CD717E11EAC00B01E34 /* AppDelegate.m in Sources */ = {isa = PBXBuildFile; fileRef = 36363CD617E11EAC00B01E34 /* AppDelegate.m */; };
		36363CE017E11EAC00B01E34 /* MainStoryboard_iPhone.storyboard in Resources */ = {isa = PBXBuildFile; fileRef = 36363CDE17E11EAC00B01E34 /* MainStoryboard_iPhone.storyboard */; };
		36363CE317E11EAC00B01E34 /* MainStoryboard_iPad.storyboard in Resources */ = {isa = PBXBuildFile; fileRef = 36363CE117E11EAC00B01E34 /* MainStoryboard_iPad.storyboard */; };
		36363CE617E11EAC00B01E34 /* FormViewController.m in Sources */ = {isa = PBXBuildFile; fileRef = 36363CE517E11EAC00B01E34 /* FormViewController.m */; };
		3B55414817E24CED008B4F40 /* ResultsViewController.m in Sources */ = {isa = PBXBuildFile; fileRef = 3B55414617E24CED008B4F40 /* ResultsViewController.m */; };
		3B55414B17E25870008B4F40 /* OffCResultsCell.xib in Resources */ = {isa = PBXBuildFile; fileRef = 3B55414A17E25870008B4F40 /* OffCResultsCell.xib */; };
		3B55414E17E267AE008B4F40 /* ProfileViewController.m in Sources */ = {isa = PBXBuildFile; fileRef = 3B55414D17E267AE008B4F40 /* ProfileViewController.m */; };
		3B55415117E26B62008B4F40 /* Person.m in Sources */ = {isa = PBXBuildFile; fileRef = 3B55415017E26B62008B4F40 /* Person.m */; };
		3B55415317E26D4E008B4F40 /* MessageUI.framework in Frameworks */ = {isa = PBXBuildFile; fileRef = 3B55415217E26D4E008B4F40 /* MessageUI.framework */; };
		3B55415817E27453008B4F40 /* ProfileCell.xib in Resources */ = {isa = PBXBuildFile; fileRef = 3B55415717E27453008B4F40 /* ProfileCell.xib */; };
		3B59474217E93FC80001A61E /* SystemConfiguration.framework in Frameworks */ = {isa = PBXBuildFile; fileRef = 3B59474117E93FC80001A61E /* SystemConfiguration.framework */; };
		3BFC8F8117E12C9F003832DF /* Icon-Small.png in Resources */ = {isa = PBXBuildFile; fileRef = 3BFC8F7817E12C9F003832DF /* Icon-Small.png */; };
		3BFC8F8517E12C9F003832DF /* iTunesArtwork.png in Resources */ = {isa = PBXBuildFile; fileRef = 3BFC8F7C17E12C9F003832DF /* iTunesArtwork.png */; };
		3BFC8F8617E12C9F003832DF /* iTunesArtwork@2x.png in Resources */ = {isa = PBXBuildFile; fileRef = 3BFC8F7D17E12C9F003832DF /* iTunesArtwork@2x.png */; };
		C385D7DB02A24090A6353E4B /* libPods.a in Frameworks */ = {isa = PBXBuildFile; fileRef = 766E41B0CCF9458DBEAB7986 /* libPods.a */; };
		D0826FCA19B0BC4D00FF9C67 /* Images.xcassets in Resources */ = {isa = PBXBuildFile; fileRef = D0826FC919B0BC4D00FF9C67 /* Images.xcassets */; };
		E10CF00E1811D6C90053AF44 /* ProfileImageViewController.m in Sources */ = {isa = PBXBuildFile; fileRef = E10CF00C1811D6C90053AF44 /* ProfileImageViewController.m */; };
		E10CF00F1811D6C90053AF44 /* ProfileImageViewController.xib in Resources */ = {isa = PBXBuildFile; fileRef = E10CF00D1811D6C90053AF44 /* ProfileImageViewController.xib */; };
		E1883D1A190DB365004B6D5C /* strings_private.strings in Resources */ = {isa = PBXBuildFile; fileRef = E1883D19190DB365004B6D5C /* strings_private.strings */; };
		E18ECE99180DD3A900AFA854 /* Icon-72.png in Resources */ = {isa = PBXBuildFile; fileRef = E18ECE94180DD3A900AFA854 /* Icon-72.png */; };
		E18ECE9A180DD3A900AFA854 /* icon-100.png in Resources */ = {isa = PBXBuildFile; fileRef = E18ECE95180DD3A900AFA854 /* icon-100.png */; };
		E18ECE9B180DD3A900AFA854 /* Icon-144.png in Resources */ = {isa = PBXBuildFile; fileRef = E18ECE96180DD3A900AFA854 /* Icon-144.png */; };
		E18ECE9C180DD3A900AFA854 /* Icon.png in Resources */ = {isa = PBXBuildFile; fileRef = E18ECE97180DD3A900AFA854 /* Icon.png */; };
		E18ECE9D180DD3A900AFA854 /* Icon@2x.png in Resources */ = {isa = PBXBuildFile; fileRef = E18ECE98180DD3A900AFA854 /* Icon@2x.png */; };
		E195CF9B180C8C0200B7D0C3 /* icon-40.png in Resources */ = {isa = PBXBuildFile; fileRef = E195CF94180C8C0200B7D0C3 /* icon-40.png */; };
		E195CF9C180C8C0200B7D0C3 /* icon-58.png in Resources */ = {isa = PBXBuildFile; fileRef = E195CF95180C8C0200B7D0C3 /* icon-58.png */; };
		E195CF9D180C8C0200B7D0C3 /* icon-76.png in Resources */ = {isa = PBXBuildFile; fileRef = E195CF96180C8C0200B7D0C3 /* icon-76.png */; };
		E195CF9E180C8C0200B7D0C3 /* icon-80.png in Resources */ = {isa = PBXBuildFile; fileRef = E195CF97180C8C0200B7D0C3 /* icon-80.png */; };
		E195CFA0180C8C0200B7D0C3 /* icon-120.png in Resources */ = {isa = PBXBuildFile; fileRef = E195CF99180C8C0200B7D0C3 /* icon-120.png */; };
		E195CFA1180C8C0200B7D0C3 /* icon-152.png in Resources */ = {isa = PBXBuildFile; fileRef = E195CF9A180C8C0200B7D0C3 /* icon-152.png */; };
		E1E336BB180F3D8700145508 /* OptionViewController.m in Sources */ = {isa = PBXBuildFile; fileRef = E1E336B9180F3D8700145508 /* OptionViewController.m */; };
		E1E336BC180F3D8700145508 /* OptionViewController.xib in Resources */ = {isa = PBXBuildFile; fileRef = E1E336BA180F3D8700145508 /* OptionViewController.xib */; };
		E1F2257D18049FEF00063B18 /* OnCResultsCell.xib in Resources */ = {isa = PBXBuildFile; fileRef = E1F2257C18049FEF00063B18 /* OnCResultsCell.xib */; };
		FA9E0F231C683DCC00699465 /* LaunchImage.xib in Resources */ = {isa = PBXBuildFile; fileRef = FA9E0F221C683DCC00699465 /* LaunchImage.xib */; };
		FA9E0F2E1C68403A00699465 /* GADDBTests.swift in Sources */ = {isa = PBXBuildFile; fileRef = FA9E0F2D1C68403A00699465 /* GADDBTests.swift */; };
		FA9E0F361C68404900699465 /* GADIconTest.swift in Sources */ = {isa = PBXBuildFile; fileRef = FA9E0F251C683FE200699465 /* GADIconTest.swift */; };
/* End PBXBuildFile section */

/* Begin PBXContainerItemProxy section */
		FA9E0F301C68403A00699465 /* PBXContainerItemProxy */ = {
			isa = PBXContainerItemProxy;
			containerPortal = 36363CB917E11EAC00B01E34 /* Project object */;
			proxyType = 1;
			remoteGlobalIDString = 36363CC117E11EAC00B01E34;
			remoteInfo = "Grinnell-DB-iOS";
		};
/* End PBXContainerItemProxy section */

/* Begin PBXFileReference section */
		36363CC217E11EAC00B01E34 /* Grinnell-DB-iOS.app */ = {isa = PBXFileReference; explicitFileType = wrapper.application; includeInIndex = 0; path = "Grinnell-DB-iOS.app"; sourceTree = BUILT_PRODUCTS_DIR; };
		36363CC617E11EAC00B01E34 /* UIKit.framework */ = {isa = PBXFileReference; lastKnownFileType = wrapper.framework; name = UIKit.framework; path = System/Library/Frameworks/UIKit.framework; sourceTree = SDKROOT; };
		36363CC817E11EAC00B01E34 /* Foundation.framework */ = {isa = PBXFileReference; lastKnownFileType = wrapper.framework; name = Foundation.framework; path = System/Library/Frameworks/Foundation.framework; sourceTree = SDKROOT; };
		36363CCA17E11EAC00B01E34 /* CoreGraphics.framework */ = {isa = PBXFileReference; lastKnownFileType = wrapper.framework; name = CoreGraphics.framework; path = System/Library/Frameworks/CoreGraphics.framework; sourceTree = SDKROOT; };
		36363CCE17E11EAC00B01E34 /* Grinnell-DB-iOS-Info.plist */ = {isa = PBXFileReference; lastKnownFileType = text.plist.xml; path = "Grinnell-DB-iOS-Info.plist"; sourceTree = "<group>"; };
		36363CD017E11EAC00B01E34 /* en */ = {isa = PBXFileReference; lastKnownFileType = text.plist.strings; name = en; path = en.lproj/InfoPlist.strings; sourceTree = "<group>"; };
		36363CD217E11EAC00B01E34 /* main.m */ = {isa = PBXFileReference; lastKnownFileType = sourcecode.c.objc; path = main.m; sourceTree = "<group>"; };
		36363CD417E11EAC00B01E34 /* Grinnell-DB-iOS-Prefix.pch */ = {isa = PBXFileReference; lastKnownFileType = sourcecode.c.h; path = "Grinnell-DB-iOS-Prefix.pch"; sourceTree = "<group>"; };
		36363CD517E11EAC00B01E34 /* AppDelegate.h */ = {isa = PBXFileReference; lastKnownFileType = sourcecode.c.h; path = AppDelegate.h; sourceTree = "<group>"; };
		36363CD617E11EAC00B01E34 /* AppDelegate.m */ = {isa = PBXFileReference; lastKnownFileType = sourcecode.c.objc; path = AppDelegate.m; sourceTree = "<group>"; };
		36363CDF17E11EAC00B01E34 /* en */ = {isa = PBXFileReference; lastKnownFileType = file.storyboard; name = en; path = en.lproj/MainStoryboard_iPhone.storyboard; sourceTree = "<group>"; };
		36363CE217E11EAC00B01E34 /* en */ = {isa = PBXFileReference; lastKnownFileType = file.storyboard; name = en; path = en.lproj/MainStoryboard_iPad.storyboard; sourceTree = "<group>"; };
		36363CE417E11EAC00B01E34 /* FormViewController.h */ = {isa = PBXFileReference; lastKnownFileType = sourcecode.c.h; path = FormViewController.h; sourceTree = "<group>"; };
		36363CE517E11EAC00B01E34 /* FormViewController.m */ = {isa = PBXFileReference; lastKnownFileType = sourcecode.c.objc; path = FormViewController.m; sourceTree = "<group>"; };
		3B55414517E24CED008B4F40 /* ResultsViewController.h */ = {isa = PBXFileReference; fileEncoding = 4; lastKnownFileType = sourcecode.c.h; path = ResultsViewController.h; sourceTree = "<group>"; };
		3B55414617E24CED008B4F40 /* ResultsViewController.m */ = {isa = PBXFileReference; fileEncoding = 4; lastKnownFileType = sourcecode.c.objc; path = ResultsViewController.m; sourceTree = "<group>"; };
		3B55414A17E25870008B4F40 /* OffCResultsCell.xib */ = {isa = PBXFileReference; fileEncoding = 4; lastKnownFileType = file.xib; path = OffCResultsCell.xib; sourceTree = "<group>"; };
		3B55414C17E267AE008B4F40 /* ProfileViewController.h */ = {isa = PBXFileReference; fileEncoding = 4; lastKnownFileType = sourcecode.c.h; path = ProfileViewController.h; sourceTree = "<group>"; };
		3B55414D17E267AE008B4F40 /* ProfileViewController.m */ = {isa = PBXFileReference; fileEncoding = 4; lastKnownFileType = sourcecode.c.objc; path = ProfileViewController.m; sourceTree = "<group>"; };
		3B55414F17E26B62008B4F40 /* Person.h */ = {isa = PBXFileReference; fileEncoding = 4; lastKnownFileType = sourcecode.c.h; path = Person.h; sourceTree = "<group>"; };
		3B55415017E26B62008B4F40 /* Person.m */ = {isa = PBXFileReference; fileEncoding = 4; lastKnownFileType = sourcecode.c.objc; path = Person.m; sourceTree = "<group>"; };
		3B55415217E26D4E008B4F40 /* MessageUI.framework */ = {isa = PBXFileReference; lastKnownFileType = wrapper.framework; name = MessageUI.framework; path = System/Library/Frameworks/MessageUI.framework; sourceTree = SDKROOT; };
		3B55415717E27453008B4F40 /* ProfileCell.xib */ = {isa = PBXFileReference; fileEncoding = 4; lastKnownFileType = file.xib; path = ProfileCell.xib; sourceTree = "<group>"; };
		3B59474117E93FC80001A61E /* SystemConfiguration.framework */ = {isa = PBXFileReference; lastKnownFileType = wrapper.framework; name = SystemConfiguration.framework; path = System/Library/Frameworks/SystemConfiguration.framework; sourceTree = SDKROOT; };
		3BFC8F7817E12C9F003832DF /* Icon-Small.png */ = {isa = PBXFileReference; lastKnownFileType = image.png; path = "Icon-Small.png"; sourceTree = "<group>"; };
		3BFC8F7C17E12C9F003832DF /* iTunesArtwork.png */ = {isa = PBXFileReference; lastKnownFileType = image.png; path = iTunesArtwork.png; sourceTree = "<group>"; };
		3BFC8F7D17E12C9F003832DF /* iTunesArtwork@2x.png */ = {isa = PBXFileReference; lastKnownFileType = image.png; path = "iTunesArtwork@2x.png"; sourceTree = "<group>"; };
		766E41B0CCF9458DBEAB7986 /* libPods.a */ = {isa = PBXFileReference; explicitFileType = archive.ar; includeInIndex = 0; path = libPods.a; sourceTree = BUILT_PRODUCTS_DIR; };
		BBC4E8BF605E9288E0910F9B /* Pods.debug.xcconfig */ = {isa = PBXFileReference; includeInIndex = 1; lastKnownFileType = text.xcconfig; name = Pods.debug.xcconfig; path = "Pods/Target Support Files/Pods/Pods.debug.xcconfig"; sourceTree = "<group>"; };
		BEAF4F470AA20D09E8F57634 /* Pods.release.xcconfig */ = {isa = PBXFileReference; includeInIndex = 1; lastKnownFileType = text.xcconfig; name = Pods.release.xcconfig; path = "Pods/Target Support Files/Pods/Pods.release.xcconfig"; sourceTree = "<group>"; };
		D0826FC919B0BC4D00FF9C67 /* Images.xcassets */ = {isa = PBXFileReference; lastKnownFileType = folder.assetcatalog; path = Images.xcassets; sourceTree = "<group>"; };
		E10CF00B1811D6C90053AF44 /* ProfileImageViewController.h */ = {isa = PBXFileReference; fileEncoding = 4; lastKnownFileType = sourcecode.c.h; path = ProfileImageViewController.h; sourceTree = "<group>"; };
		E10CF00C1811D6C90053AF44 /* ProfileImageViewController.m */ = {isa = PBXFileReference; fileEncoding = 4; lastKnownFileType = sourcecode.c.objc; path = ProfileImageViewController.m; sourceTree = "<group>"; };
		E10CF00D1811D6C90053AF44 /* ProfileImageViewController.xib */ = {isa = PBXFileReference; fileEncoding = 4; lastKnownFileType = file.xib; path = ProfileImageViewController.xib; sourceTree = "<group>"; };
		E1883D19190DB365004B6D5C /* strings_private.strings */ = {isa = PBXFileReference; fileEncoding = 4; lastKnownFileType = text.plist.strings; path = strings_private.strings; sourceTree = SOURCE_ROOT; };
		E18ECE94180DD3A900AFA854 /* Icon-72.png */ = {isa = PBXFileReference; lastKnownFileType = image.png; path = "Icon-72.png"; sourceTree = "<group>"; };
		E18ECE95180DD3A900AFA854 /* icon-100.png */ = {isa = PBXFileReference; lastKnownFileType = image.png; path = "icon-100.png"; sourceTree = "<group>"; };
		E18ECE96180DD3A900AFA854 /* Icon-144.png */ = {isa = PBXFileReference; lastKnownFileType = image.png; path = "Icon-144.png"; sourceTree = "<group>"; };
		E18ECE97180DD3A900AFA854 /* Icon.png */ = {isa = PBXFileReference; lastKnownFileType = image.png; path = Icon.png; sourceTree = "<group>"; };
		E18ECE98180DD3A900AFA854 /* Icon@2x.png */ = {isa = PBXFileReference; lastKnownFileType = image.png; path = "Icon@2x.png"; sourceTree = "<group>"; };
		E195CF94180C8C0200B7D0C3 /* icon-40.png */ = {isa = PBXFileReference; lastKnownFileType = image.png; path = "icon-40.png"; sourceTree = "<group>"; };
		E195CF95180C8C0200B7D0C3 /* icon-58.png */ = {isa = PBXFileReference; lastKnownFileType = image.png; path = "icon-58.png"; sourceTree = "<group>"; };
		E195CF96180C8C0200B7D0C3 /* icon-76.png */ = {isa = PBXFileReference; lastKnownFileType = image.png; path = "icon-76.png"; sourceTree = "<group>"; };
		E195CF97180C8C0200B7D0C3 /* icon-80.png */ = {isa = PBXFileReference; lastKnownFileType = image.png; path = "icon-80.png"; sourceTree = "<group>"; };
		E195CF99180C8C0200B7D0C3 /* icon-120.png */ = {isa = PBXFileReference; lastKnownFileType = image.png; path = "icon-120.png"; sourceTree = "<group>"; };
		E195CF9A180C8C0200B7D0C3 /* icon-152.png */ = {isa = PBXFileReference; lastKnownFileType = image.png; path = "icon-152.png"; sourceTree = "<group>"; };
		E1E336B8180F3D8700145508 /* OptionViewController.h */ = {isa = PBXFileReference; fileEncoding = 4; lastKnownFileType = sourcecode.c.h; path = OptionViewController.h; sourceTree = "<group>"; };
		E1E336B9180F3D8700145508 /* OptionViewController.m */ = {isa = PBXFileReference; fileEncoding = 4; lastKnownFileType = sourcecode.c.objc; path = OptionViewController.m; sourceTree = "<group>"; };
		E1E336BA180F3D8700145508 /* OptionViewController.xib */ = {isa = PBXFileReference; fileEncoding = 4; lastKnownFileType = file.xib; path = OptionViewController.xib; sourceTree = "<group>"; };
		E1F2257C18049FEF00063B18 /* OnCResultsCell.xib */ = {isa = PBXFileReference; fileEncoding = 4; lastKnownFileType = file.xib; path = OnCResultsCell.xib; sourceTree = "<group>"; };
		FA9E0F221C683DCC00699465 /* LaunchImage.xib */ = {isa = PBXFileReference; fileEncoding = 4; lastKnownFileType = file.xib; name = LaunchImage.xib; path = ../LaunchImage.xib; sourceTree = "<group>"; };
		FA9E0F241C683FE200699465 /* Grinnell-DB-iOS-Bridging-Header.h */ = {isa = PBXFileReference; lastKnownFileType = sourcecode.c.h; path = "Grinnell-DB-iOS-Bridging-Header.h"; sourceTree = "<group>"; };
		FA9E0F251C683FE200699465 /* GADIconTest.swift */ = {isa = PBXFileReference; fileEncoding = 4; lastKnownFileType = sourcecode.swift; name = GADIconTest.swift; path = Tests/GADIconTest.swift; sourceTree = "<group>"; };
		FA9E0F2B1C68403A00699465 /* GADDBTests.xctest */ = {isa = PBXFileReference; explicitFileType = wrapper.cfbundle; includeInIndex = 0; path = GADDBTests.xctest; sourceTree = BUILT_PRODUCTS_DIR; };
		FA9E0F2D1C68403A00699465 /* GADDBTests.swift */ = {isa = PBXFileReference; lastKnownFileType = sourcecode.swift; path = GADDBTests.swift; sourceTree = "<group>"; };
		FA9E0F2F1C68403A00699465 /* Info.plist */ = {isa = PBXFileReference; lastKnownFileType = text.plist.xml; path = Info.plist; sourceTree = "<group>"; };
/* End PBXFileReference section */

/* Begin PBXFrameworksBuildPhase section */
		36363CBF17E11EAC00B01E34 /* Frameworks */ = {
			isa = PBXFrameworksBuildPhase;
			buildActionMask = 2147483647;
			files = (
				3B59474217E93FC80001A61E /* SystemConfiguration.framework in Frameworks */,
				3B55415317E26D4E008B4F40 /* MessageUI.framework in Frameworks */,
				36363CC717E11EAC00B01E34 /* UIKit.framework in Frameworks */,
				36363CC917E11EAC00B01E34 /* Foundation.framework in Frameworks */,
				36363CCB17E11EAC00B01E34 /* CoreGraphics.framework in Frameworks */,
				C385D7DB02A24090A6353E4B /* libPods.a in Frameworks */,
			);
			runOnlyForDeploymentPostprocessing = 0;
		};
		FA9E0F281C68403A00699465 /* Frameworks */ = {
			isa = PBXFrameworksBuildPhase;
			buildActionMask = 2147483647;
			files = (
			);
			runOnlyForDeploymentPostprocessing = 0;
		};
/* End PBXFrameworksBuildPhase section */

/* Begin PBXGroup section */
		36363CB717E11EAC00B01E34 = {
			isa = PBXGroup;
			children = (
				36363CCC17E11EAC00B01E34 /* Grinnell-DB-iOS */,
				FA9E0F2C1C68403A00699465 /* GADDBTests */,
				36363CC517E11EAC00B01E34 /* Frameworks */,
				36363CC317E11EAC00B01E34 /* Products */,
				FC1DD3E095F626D6D96B70E3 /* Pods */,
			);
			sourceTree = "<group>";
		};
		36363CC317E11EAC00B01E34 /* Products */ = {
			isa = PBXGroup;
			children = (
				36363CC217E11EAC00B01E34 /* Grinnell-DB-iOS.app */,
				FA9E0F2B1C68403A00699465 /* GADDBTests.xctest */,
			);
			name = Products;
			sourceTree = "<group>";
		};
		36363CC517E11EAC00B01E34 /* Frameworks */ = {
			isa = PBXGroup;
			children = (
				3B59474117E93FC80001A61E /* SystemConfiguration.framework */,
				3B55415217E26D4E008B4F40 /* MessageUI.framework */,
				36363CC617E11EAC00B01E34 /* UIKit.framework */,
				36363CC817E11EAC00B01E34 /* Foundation.framework */,
				36363CCA17E11EAC00B01E34 /* CoreGraphics.framework */,
				766E41B0CCF9458DBEAB7986 /* libPods.a */,
			);
			name = Frameworks;
			sourceTree = "<group>";
		};
		36363CCC17E11EAC00B01E34 /* Grinnell-DB-iOS */ = {
			isa = PBXGroup;
			children = (
				3B55415917E27A03008B4F40 /* Helper Classes */,
				36363CD517E11EAC00B01E34 /* AppDelegate.h */,
				36363CD617E11EAC00B01E34 /* AppDelegate.m */,
				36363CDE17E11EAC00B01E34 /* MainStoryboard_iPhone.storyboard */,
				36363CE117E11EAC00B01E34 /* MainStoryboard_iPad.storyboard */,
				36363CE417E11EAC00B01E34 /* FormViewController.h */,
				36363CE517E11EAC00B01E34 /* FormViewController.m */,
				3B55414517E24CED008B4F40 /* ResultsViewController.h */,
				3B55414617E24CED008B4F40 /* ResultsViewController.m */,
				3B55414A17E25870008B4F40 /* OffCResultsCell.xib */,
				E1F2257C18049FEF00063B18 /* OnCResultsCell.xib */,
				3B55414C17E267AE008B4F40 /* ProfileViewController.h */,
				3B55414D17E267AE008B4F40 /* ProfileViewController.m */,
				3B55415717E27453008B4F40 /* ProfileCell.xib */,
				E1A9E7D9180D0B3A00D1B3B9 /* Launch Images */,
				3BFC8F8717E12CA6003832DF /* Icons */,
				D0826FC919B0BC4D00FF9C67 /* Images.xcassets */,
				36363CCD17E11EAC00B01E34 /* Supporting Files */,
				FA9E0F351C68404200699465 /* Tests */,
				FA9E0F241C683FE200699465 /* Grinnell-DB-iOS-Bridging-Header.h */,
			);
			path = "Grinnell-DB-iOS";
			sourceTree = "<group>";
		};
		36363CCD17E11EAC00B01E34 /* Supporting Files */ = {
			isa = PBXGroup;
			children = (
				E1883D19190DB365004B6D5C /* strings_private.strings */,
				36363CCE17E11EAC00B01E34 /* Grinnell-DB-iOS-Info.plist */,
				36363CCF17E11EAC00B01E34 /* InfoPlist.strings */,
				36363CD217E11EAC00B01E34 /* main.m */,
				36363CD417E11EAC00B01E34 /* Grinnell-DB-iOS-Prefix.pch */,
			);
			name = "Supporting Files";
			sourceTree = "<group>";
		};
		3B55415917E27A03008B4F40 /* Helper Classes */ = {
			isa = PBXGroup;
			children = (
				E1E336B8180F3D8700145508 /* OptionViewController.h */,
				E1E336B9180F3D8700145508 /* OptionViewController.m */,
				E1E336BA180F3D8700145508 /* OptionViewController.xib */,
				3B55414F17E26B62008B4F40 /* Person.h */,
				3B55415017E26B62008B4F40 /* Person.m */,
				E10CF00B1811D6C90053AF44 /* ProfileImageViewController.h */,
				E10CF00C1811D6C90053AF44 /* ProfileImageViewController.m */,
				E10CF00D1811D6C90053AF44 /* ProfileImageViewController.xib */,
			);
			name = "Helper Classes";
			sourceTree = "<group>";
		};
		3BFC8F8717E12CA6003832DF /* Icons */ = {
			isa = PBXGroup;
			children = (
				E18ECE94180DD3A900AFA854 /* Icon-72.png */,
				E18ECE95180DD3A900AFA854 /* icon-100.png */,
				E18ECE96180DD3A900AFA854 /* Icon-144.png */,
				E18ECE97180DD3A900AFA854 /* Icon.png */,
				E18ECE98180DD3A900AFA854 /* Icon@2x.png */,
				E195CF94180C8C0200B7D0C3 /* icon-40.png */,
				E195CF95180C8C0200B7D0C3 /* icon-58.png */,
				E195CF96180C8C0200B7D0C3 /* icon-76.png */,
				E195CF97180C8C0200B7D0C3 /* icon-80.png */,
				E195CF99180C8C0200B7D0C3 /* icon-120.png */,
				E195CF9A180C8C0200B7D0C3 /* icon-152.png */,
				3BFC8F7817E12C9F003832DF /* Icon-Small.png */,
				3BFC8F7C17E12C9F003832DF /* iTunesArtwork.png */,
				3BFC8F7D17E12C9F003832DF /* iTunesArtwork@2x.png */,
			);
			name = Icons;
			sourceTree = "<group>";
		};
		E1A9E7D9180D0B3A00D1B3B9 /* Launch Images */ = {
			isa = PBXGroup;
			children = (
				FA9E0F221C683DCC00699465 /* LaunchImage.xib */,
			);
			name = "Launch Images";
			sourceTree = "<group>";
		};
		FA9E0F2C1C68403A00699465 /* GADDBTests */ = {
			isa = PBXGroup;
			children = (
				FA9E0F2D1C68403A00699465 /* GADDBTests.swift */,
				FA9E0F2F1C68403A00699465 /* Info.plist */,
			);
			path = GADDBTests;
			sourceTree = "<group>";
		};
		FA9E0F351C68404200699465 /* Tests */ = {
			isa = PBXGroup;
			children = (
				FA9E0F251C683FE200699465 /* GADIconTest.swift */,
			);
			name = Tests;
			sourceTree = "<group>";
		};
		FC1DD3E095F626D6D96B70E3 /* Pods */ = {
			isa = PBXGroup;
			children = (
				BBC4E8BF605E9288E0910F9B /* Pods.debug.xcconfig */,
				BEAF4F470AA20D09E8F57634 /* Pods.release.xcconfig */,
			);
			name = Pods;
			sourceTree = "<group>";
		};
/* End PBXGroup section */

/* Begin PBXNativeTarget section */
		36363CC117E11EAC00B01E34 /* Grinnell-DB-iOS */ = {
			isa = PBXNativeTarget;
			buildConfigurationList = 36363CE917E11EAC00B01E34 /* Build configuration list for PBXNativeTarget "Grinnell-DB-iOS" */;
			buildPhases = (
				72B5AAD7AAAD4EFBB8ABC0C7 /* Check Pods Manifest.lock */,
				36363CBE17E11EAC00B01E34 /* Sources */,
				36363CBF17E11EAC00B01E34 /* Frameworks */,
				36363CC017E11EAC00B01E34 /* Resources */,
				36CE9F08DCF94146B2EAC1CA /* Copy Pods Resources */,
				E1904C8518AD65E100B50E29 /* ShellScript */,
				39C3606B47F982B3D0E09894 /* Embed Pods Frameworks */,
			);
			buildRules = (
			);
			dependencies = (
			);
			name = "Grinnell-DB-iOS";
			productName = "Grinnell-DB-iOS";
			productReference = 36363CC217E11EAC00B01E34 /* Grinnell-DB-iOS.app */;
			productType = "com.apple.product-type.application";
		};
		FA9E0F2A1C68403A00699465 /* GADDBTests */ = {
			isa = PBXNativeTarget;
			buildConfigurationList = FA9E0F321C68403A00699465 /* Build configuration list for PBXNativeTarget "GADDBTests" */;
			buildPhases = (
				FA9E0F271C68403A00699465 /* Sources */,
				FA9E0F281C68403A00699465 /* Frameworks */,
				FA9E0F291C68403A00699465 /* Resources */,
			);
			buildRules = (
			);
			dependencies = (
				FA9E0F311C68403A00699465 /* PBXTargetDependency */,
			);
			name = GADDBTests;
			productName = GADDBTests;
			productReference = FA9E0F2B1C68403A00699465 /* GADDBTests.xctest */;
			productType = "com.apple.product-type.bundle.unit-test";
		};
/* End PBXNativeTarget section */

/* Begin PBXProject section */
		36363CB917E11EAC00B01E34 /* Project object */ = {
			isa = PBXProject;
			attributes = {
				LastSwiftUpdateCheck = 0720;
				LastUpgradeCheck = 0450;
				ORGANIZATIONNAME = AppDev;
				TargetAttributes = {
					36363CC117E11EAC00B01E34 = {
						DevelopmentTeam = H69TS4DPUJ;
					};
					FA9E0F2A1C68403A00699465 = {
						CreatedOnToolsVersion = 7.2.1;
						TestTargetID = 36363CC117E11EAC00B01E34;
					};
				};
			};
			buildConfigurationList = 36363CBC17E11EAC00B01E34 /* Build configuration list for PBXProject "Grinnell-DB-iOS" */;
			compatibilityVersion = "Xcode 3.2";
			developmentRegion = English;
			hasScannedForEncodings = 0;
			knownRegions = (
				en,
			);
			mainGroup = 36363CB717E11EAC00B01E34;
			productRefGroup = 36363CC317E11EAC00B01E34 /* Products */;
			projectDirPath = "";
			projectRoot = "";
			targets = (
				36363CC117E11EAC00B01E34 /* Grinnell-DB-iOS */,
				FA9E0F2A1C68403A00699465 /* GADDBTests */,
			);
		};
/* End PBXProject section */

/* Begin PBXResourcesBuildPhase section */
		36363CC017E11EAC00B01E34 /* Resources */ = {
			isa = PBXResourcesBuildPhase;
			buildActionMask = 2147483647;
			files = (
				36363CD117E11EAC00B01E34 /* InfoPlist.strings in Resources */,
				E18ECE9D180DD3A900AFA854 /* Icon@2x.png in Resources */,
				E1883D1A190DB365004B6D5C /* strings_private.strings in Resources */,
				E195CF9D180C8C0200B7D0C3 /* icon-76.png in Resources */,
				E18ECE9C180DD3A900AFA854 /* Icon.png in Resources */,
				E18ECE99180DD3A900AFA854 /* Icon-72.png in Resources */,
				E18ECE9A180DD3A900AFA854 /* icon-100.png in Resources */,
				36363CE017E11EAC00B01E34 /* MainStoryboard_iPhone.storyboard in Resources */,
				36363CE317E11EAC00B01E34 /* MainStoryboard_iPad.storyboard in Resources */,
				E195CFA0180C8C0200B7D0C3 /* icon-120.png in Resources */,
				E10CF00F1811D6C90053AF44 /* ProfileImageViewController.xib in Resources */,
				E1E336BC180F3D8700145508 /* OptionViewController.xib in Resources */,
				E195CF9C180C8C0200B7D0C3 /* icon-58.png in Resources */,
				E195CFA1180C8C0200B7D0C3 /* icon-152.png in Resources */,
				3BFC8F8117E12C9F003832DF /* Icon-Small.png in Resources */,
				E1F2257D18049FEF00063B18 /* OnCResultsCell.xib in Resources */,
				D0826FCA19B0BC4D00FF9C67 /* Images.xcassets in Resources */,
				FA9E0F231C683DCC00699465 /* LaunchImage.xib in Resources */,
				3BFC8F8517E12C9F003832DF /* iTunesArtwork.png in Resources */,
				3BFC8F8617E12C9F003832DF /* iTunesArtwork@2x.png in Resources */,
				E195CF9E180C8C0200B7D0C3 /* icon-80.png in Resources */,
				3B55414B17E25870008B4F40 /* OffCResultsCell.xib in Resources */,
				3B55415817E27453008B4F40 /* ProfileCell.xib in Resources */,
				E18ECE9B180DD3A900AFA854 /* Icon-144.png in Resources */,
				E195CF9B180C8C0200B7D0C3 /* icon-40.png in Resources */,
			);
			runOnlyForDeploymentPostprocessing = 0;
		};
		FA9E0F291C68403A00699465 /* Resources */ = {
			isa = PBXResourcesBuildPhase;
			buildActionMask = 2147483647;
			files = (
			);
			runOnlyForDeploymentPostprocessing = 0;
		};
/* End PBXResourcesBuildPhase section */

/* Begin PBXShellScriptBuildPhase section */
		36CE9F08DCF94146B2EAC1CA /* Copy Pods Resources */ = {
			isa = PBXShellScriptBuildPhase;
			buildActionMask = 2147483647;
			files = (
			);
			inputPaths = (
			);
			name = "Copy Pods Resources";
			outputPaths = (
			);
			runOnlyForDeploymentPostprocessing = 0;
			shellPath = /bin/sh;
			shellScript = "\"${SRCROOT}/Pods/Target Support Files/Pods/Pods-resources.sh\"\n";
			showEnvVarsInLog = 0;
		};
		39C3606B47F982B3D0E09894 /* Embed Pods Frameworks */ = {
			isa = PBXShellScriptBuildPhase;
			buildActionMask = 2147483647;
			files = (
			);
			inputPaths = (
			);
			name = "Embed Pods Frameworks";
			outputPaths = (
			);
			runOnlyForDeploymentPostprocessing = 0;
			shellPath = /bin/sh;
			shellScript = "\"${SRCROOT}/Pods/Target Support Files/Pods/Pods-frameworks.sh\"\n";
			showEnvVarsInLog = 0;
		};
		72B5AAD7AAAD4EFBB8ABC0C7 /* Check Pods Manifest.lock */ = {
			isa = PBXShellScriptBuildPhase;
			buildActionMask = 2147483647;
			files = (
			);
			inputPaths = (
			);
			name = "Check Pods Manifest.lock";
			outputPaths = (
			);
			runOnlyForDeploymentPostprocessing = 0;
			shellPath = /bin/sh;
			shellScript = "diff \"${PODS_ROOT}/../Podfile.lock\" \"${PODS_ROOT}/Manifest.lock\" > /dev/null\nif [[ $? != 0 ]] ; then\n    cat << EOM\nerror: The sandbox is not in sync with the Podfile.lock. Run 'pod install' or update your CocoaPods installation.\nEOM\n    exit 1\nfi\n";
			showEnvVarsInLog = 0;
		};
		E1904C8518AD65E100B50E29 /* ShellScript */ = {
			isa = PBXShellScriptBuildPhase;
			buildActionMask = 2147483647;
			files = (
			);
			inputPaths = (
			);
			outputPaths = (
			);
			runOnlyForDeploymentPostprocessing = 0;
			shellPath = /bin/sh;
			shellScript = "${PODS_ROOT}/Fabric/run 45894d9e8a6bc3b8513651d6de36159e2c836e51 e63db966a2704d736a61d448865ca84d08aaaa601dce5b22725702038b26a699";
		};
/* End PBXShellScriptBuildPhase section */

/* Begin PBXSourcesBuildPhase section */
		36363CBE17E11EAC00B01E34 /* Sources */ = {
			isa = PBXSourcesBuildPhase;
			buildActionMask = 2147483647;
			files = (
				36363CD317E11EAC00B01E34 /* main.m in Sources */,
				E1E336BB180F3D8700145508 /* OptionViewController.m in Sources */,
				E10CF00E1811D6C90053AF44 /* ProfileImageViewController.m in Sources */,
				36363CD717E11EAC00B01E34 /* AppDelegate.m in Sources */,
				36363CE617E11EAC00B01E34 /* FormViewController.m in Sources */,
				3B55414817E24CED008B4F40 /* ResultsViewController.m in Sources */,
				3B55414E17E267AE008B4F40 /* ProfileViewController.m in Sources */,
				3B55415117E26B62008B4F40 /* Person.m in Sources */,
			);
			runOnlyForDeploymentPostprocessing = 0;
		};
		FA9E0F271C68403A00699465 /* Sources */ = {
			isa = PBXSourcesBuildPhase;
			buildActionMask = 2147483647;
			files = (
				FA9E0F2E1C68403A00699465 /* GADDBTests.swift in Sources */,
				FA9E0F361C68404900699465 /* GADIconTest.swift in Sources */,
			);
			runOnlyForDeploymentPostprocessing = 0;
		};
/* End PBXSourcesBuildPhase section */

/* Begin PBXTargetDependency section */
		FA9E0F311C68403A00699465 /* PBXTargetDependency */ = {
			isa = PBXTargetDependency;
			target = 36363CC117E11EAC00B01E34 /* Grinnell-DB-iOS */;
			targetProxy = FA9E0F301C68403A00699465 /* PBXContainerItemProxy */;
		};
/* End PBXTargetDependency section */

/* Begin PBXVariantGroup section */
		36363CCF17E11EAC00B01E34 /* InfoPlist.strings */ = {
			isa = PBXVariantGroup;
			children = (
				36363CD017E11EAC00B01E34 /* en */,
			);
			name = InfoPlist.strings;
			sourceTree = "<group>";
		};
		36363CDE17E11EAC00B01E34 /* MainStoryboard_iPhone.storyboard */ = {
			isa = PBXVariantGroup;
			children = (
				36363CDF17E11EAC00B01E34 /* en */,
			);
			name = MainStoryboard_iPhone.storyboard;
			sourceTree = "<group>";
		};
		36363CE117E11EAC00B01E34 /* MainStoryboard_iPad.storyboard */ = {
			isa = PBXVariantGroup;
			children = (
				36363CE217E11EAC00B01E34 /* en */,
			);
			name = MainStoryboard_iPad.storyboard;
			sourceTree = "<group>";
		};
/* End PBXVariantGroup section */

/* Begin XCBuildConfiguration section */
		36363CE717E11EAC00B01E34 /* Debug */ = {
			isa = XCBuildConfiguration;
			buildSettings = {
				ALWAYS_SEARCH_USER_PATHS = NO;
				CLANG_CXX_LANGUAGE_STANDARD = "gnu++0x";
				CLANG_CXX_LIBRARY = "libc++";
				CLANG_ENABLE_OBJC_ARC = YES;
				CLANG_WARN_EMPTY_BODY = YES;
				CLANG_WARN__DUPLICATE_METHOD_MATCH = YES;
				CODE_SIGN_IDENTITY = "iPhone Distribution";
				"CODE_SIGN_IDENTITY[sdk=iphoneos*]" = "iPhone Distribution";
				COPY_PHASE_STRIP = NO;
				GCC_C_LANGUAGE_STANDARD = gnu99;
				GCC_DYNAMIC_NO_PIC = NO;
				GCC_OPTIMIZATION_LEVEL = 0;
				GCC_PREPROCESSOR_DEFINITIONS = (
					"DEBUG=1",
					"$(inherited)",
				);
				GCC_SYMBOLS_PRIVATE_EXTERN = NO;
				GCC_WARN_ABOUT_RETURN_TYPE = YES;
				GCC_WARN_UNINITIALIZED_AUTOS = YES;
				GCC_WARN_UNUSED_VARIABLE = YES;
				IPHONEOS_DEPLOYMENT_TARGET = 8.0;
				ONLY_ACTIVE_ARCH = YES;
				SDKROOT = iphoneos;
				TARGETED_DEVICE_FAMILY = "1,2";
			};
			name = Debug;
		};
		36363CE817E11EAC00B01E34 /* Release */ = {
			isa = XCBuildConfiguration;
			buildSettings = {
				ALWAYS_SEARCH_USER_PATHS = NO;
				CLANG_CXX_LANGUAGE_STANDARD = "gnu++0x";
				CLANG_CXX_LIBRARY = "libc++";
				CLANG_ENABLE_OBJC_ARC = YES;
				CLANG_WARN_EMPTY_BODY = YES;
				CLANG_WARN__DUPLICATE_METHOD_MATCH = YES;
				CODE_SIGN_IDENTITY = "iPhone Distribution";
				"CODE_SIGN_IDENTITY[sdk=iphoneos*]" = "iPhone Distribution";
				COPY_PHASE_STRIP = YES;
				GCC_C_LANGUAGE_STANDARD = gnu99;
				GCC_WARN_ABOUT_RETURN_TYPE = YES;
				GCC_WARN_UNINITIALIZED_AUTOS = YES;
				GCC_WARN_UNUSED_VARIABLE = YES;
				IPHONEOS_DEPLOYMENT_TARGET = 8.0;
				OTHER_CFLAGS = "-DNS_BLOCK_ASSERTIONS=1";
				SDKROOT = iphoneos;
				TARGETED_DEVICE_FAMILY = "1,2";
				VALIDATE_PRODUCT = YES;
			};
			name = Release;
		};
		36363CEA17E11EAC00B01E34 /* Debug */ = {
			isa = XCBuildConfiguration;
			baseConfigurationReference = BBC4E8BF605E9288E0910F9B /* Pods.debug.xcconfig */;
			buildSettings = {
				ASSETCATALOG_COMPILER_APPICON_NAME = AppIcon;
				CLANG_ENABLE_MODULES = YES;
				CODE_SIGN_IDENTITY = "iPhone Developer";
				"CODE_SIGN_IDENTITY[sdk=iphoneos*]" = "iPhone Developer";
				FRAMEWORK_SEARCH_PATHS = "$(inherited)";
				GCC_PRECOMPILE_PREFIX_HEADER = YES;
				GCC_PREFIX_HEADER = "Grinnell-DB-iOS/Grinnell-DB-iOS-Prefix.pch";
				INFOPLIST_FILE = "Grinnell-DB-iOS/Grinnell-DB-iOS-Info.plist";
				IPHONEOS_DEPLOYMENT_TARGET = 8.0;
				LD_RUNPATH_SEARCH_PATHS = "$(inherited) @executable_path/Frameworks";
				PRODUCT_NAME = "$(TARGET_NAME)";
				PROVISIONING_PROFILE = "";
				SWIFT_OBJC_BRIDGING_HEADER = "Grinnell-DB-iOS/Grinnell-DB-iOS-Bridging-Header.h";
				SWIFT_OPTIMIZATION_LEVEL = "-Onone";
				WRAPPER_EXTENSION = app;
			};
			name = Debug;
		};
		36363CEB17E11EAC00B01E34 /* Release */ = {
			isa = XCBuildConfiguration;
			baseConfigurationReference = BEAF4F470AA20D09E8F57634 /* Pods.release.xcconfig */;
			buildSettings = {
				ASSETCATALOG_COMPILER_APPICON_NAME = AppIcon;
				CLANG_ENABLE_MODULES = YES;
				CODE_SIGN_IDENTITY = "iPhone Developer";
				"CODE_SIGN_IDENTITY[sdk=iphoneos*]" = "iPhone Developer";
				FRAMEWORK_SEARCH_PATHS = "$(inherited)";
				GCC_PRECOMPILE_PREFIX_HEADER = YES;
				GCC_PREFIX_HEADER = "Grinnell-DB-iOS/Grinnell-DB-iOS-Prefix.pch";
				INFOPLIST_FILE = "Grinnell-DB-iOS/Grinnell-DB-iOS-Info.plist";
				IPHONEOS_DEPLOYMENT_TARGET = 8.0;
				LD_RUNPATH_SEARCH_PATHS = "$(inherited) @executable_path/Frameworks";
				PRODUCT_NAME = "$(TARGET_NAME)";
				PROVISIONING_PROFILE = "";
				SWIFT_OBJC_BRIDGING_HEADER = "Grinnell-DB-iOS/Grinnell-DB-iOS-Bridging-Header.h";
				WRAPPER_EXTENSION = app;
			};
			name = Release;
		};
		FA9E0F331C68403A00699465 /* Debug */ = {
			isa = XCBuildConfiguration;
			buildSettings = {
				BUNDLE_LOADER = "$(TEST_HOST)";
				CLANG_ENABLE_MODULES = YES;
				CLANG_WARN_BOOL_CONVERSION = YES;
				CLANG_WARN_CONSTANT_CONVERSION = YES;
				CLANG_WARN_DIRECT_OBJC_ISA_USAGE = YES_ERROR;
				CLANG_WARN_ENUM_CONVERSION = YES;
				CLANG_WARN_INT_CONVERSION = YES;
				CLANG_WARN_OBJC_ROOT_CLASS = YES_ERROR;
				CLANG_WARN_UNREACHABLE_CODE = YES;
				"CODE_SIGN_IDENTITY[sdk=iphoneos*]" = "iPhone Developer";
				DEBUG_INFORMATION_FORMAT = dwarf;
				ENABLE_STRICT_OBJC_MSGSEND = YES;
				ENABLE_TESTABILITY = YES;
				GCC_NO_COMMON_BLOCKS = YES;
				GCC_WARN_64_TO_32_BIT_CONVERSION = YES;
				GCC_WARN_ABOUT_RETURN_TYPE = YES_ERROR;
				GCC_WARN_UNDECLARED_SELECTOR = YES;
				GCC_WARN_UNINITIALIZED_AUTOS = YES_AGGRESSIVE;
				GCC_WARN_UNUSED_FUNCTION = YES;
				INFOPLIST_FILE = GADDBTests/Info.plist;
				IPHONEOS_DEPLOYMENT_TARGET = 9.2;
				LD_RUNPATH_SEARCH_PATHS = "$(inherited) @executable_path/Frameworks @loader_path/Frameworks";
				MTL_ENABLE_DEBUG_INFO = YES;
				PRODUCT_BUNDLE_IDENTIFIER = edu.grinnell.appdev.GADDBTests;
				PRODUCT_NAME = "$(TARGET_NAME)";
				SWIFT_OPTIMIZATION_LEVEL = "-Onone";
				TEST_HOST = "$(BUILT_PRODUCTS_DIR)/Grinnell-DB-iOS.app/Grinnell-DB-iOS";
			};
			name = Debug;
		};
		FA9E0F341C68403A00699465 /* Release */ = {
			isa = XCBuildConfiguration;
			buildSettings = {
				BUNDLE_LOADER = "$(TEST_HOST)";
				CLANG_ENABLE_MODULES = YES;
				CLANG_WARN_BOOL_CONVERSION = YES;
				CLANG_WARN_CONSTANT_CONVERSION = YES;
				CLANG_WARN_DIRECT_OBJC_ISA_USAGE = YES_ERROR;
				CLANG_WARN_ENUM_CONVERSION = YES;
				CLANG_WARN_INT_CONVERSION = YES;
				CLANG_WARN_OBJC_ROOT_CLASS = YES_ERROR;
				CLANG_WARN_UNREACHABLE_CODE = YES;
				"CODE_SIGN_IDENTITY[sdk=iphoneos*]" = "iPhone Developer";
				COPY_PHASE_STRIP = NO;
				DEBUG_INFORMATION_FORMAT = "dwarf-with-dsym";
				ENABLE_NS_ASSERTIONS = NO;
				ENABLE_STRICT_OBJC_MSGSEND = YES;
				GCC_NO_COMMON_BLOCKS = YES;
				GCC_WARN_64_TO_32_BIT_CONVERSION = YES;
				GCC_WARN_ABOUT_RETURN_TYPE = YES_ERROR;
				GCC_WARN_UNDECLARED_SELECTOR = YES;
				GCC_WARN_UNINITIALIZED_AUTOS = YES_AGGRESSIVE;
				GCC_WARN_UNUSED_FUNCTION = YES;
				INFOPLIST_FILE = GADDBTests/Info.plist;
				IPHONEOS_DEPLOYMENT_TARGET = 9.2;
				LD_RUNPATH_SEARCH_PATHS = "$(inherited) @executable_path/Frameworks @loader_path/Frameworks";
				MTL_ENABLE_DEBUG_INFO = NO;
				PRODUCT_BUNDLE_IDENTIFIER = edu.grinnell.appdev.GADDBTests;
				PRODUCT_NAME = "$(TARGET_NAME)";
				TEST_HOST = "$(BUILT_PRODUCTS_DIR)/Grinnell-DB-iOS.app/Grinnell-DB-iOS";
			};
			name = Release;
		};
/* End XCBuildConfiguration section */

/* Begin XCConfigurationList section */
		36363CBC17E11EAC00B01E34 /* Build configuration list for PBXProject "Grinnell-DB-iOS" */ = {
			isa = XCConfigurationList;
			buildConfigurations = (
				36363CE717E11EAC00B01E34 /* Debug */,
				36363CE817E11EAC00B01E34 /* Release */,
			);
			defaultConfigurationIsVisible = 0;
			defaultConfigurationName = Release;
		};
		36363CE917E11EAC00B01E34 /* Build configuration list for PBXNativeTarget "Grinnell-DB-iOS" */ = {
			isa = XCConfigurationList;
			buildConfigurations = (
				36363CEA17E11EAC00B01E34 /* Debug */,
				36363CEB17E11EAC00B01E34 /* Release */,
			);
			defaultConfigurationIsVisible = 0;
			defaultConfigurationName = Release;
		};
		FA9E0F321C68403A00699465 /* Build configuration list for PBXNativeTarget "GADDBTests" */ = {
			isa = XCConfigurationList;
			buildConfigurations = (
				FA9E0F331C68403A00699465 /* Debug */,
				FA9E0F341C68403A00699465 /* Release */,
			);
			defaultConfigurationIsVisible = 0;
			defaultConfigurationName = Release;
		};
/* End XCConfigurationList section */
	};
	rootObject = 36363CB917E11EAC00B01E34 /* Project object */;
}
